
Microsoft Visual Studio Solution File, Format Version 12.00
# Visual Studio Version 16
VisualStudioVersion = 16.0.30517.126
MinimumVisualStudioVersion = 10.0.40219.1
Project("{FAE04EC0-301F-11D3-BF4B-00C04F79EFBC}") = "PrisonerRankings", "PrisonerRankings\PrisonerRankings.csproj", "{8A204934-50B4-4B1B-A5C6-7850641E9A29}"
EndProject
Global
	GlobalSection(SolutionConfigurationPlatforms) = preSolution
		Debug|Any CPU = Debug|Any CPU
		Release|Any CPU = Release|Any CPU
	EndGlobalSection
	GlobalSection(ProjectConfigurationPlatforms) = postSolution
		{8A204934-50B4-4B1B-A5C6-7850641E9A29}.Debug|Any CPU.ActiveCfg = Debug|Any CPU
		{8A204934-50B4-4B1B-A5C6-7850641E9A29}.Debug|Any CPU.Build.0 = Debug|Any CPU
		{8A204934-50B4-4B1B-A5C6-7850641E9A29}.Release|Any CPU.ActiveCfg = Release|Any CPU
		{8A204934-50B4-4B1B-A5C6-7850641E9A29}.Release|Any CPU.Build.0 = Release|Any CPU
	EndGlobalSection
	GlobalSection(SolutionProperties) = preSolution
		HideSolutionNode = FALSE
	EndGlobalSection
	GlobalSection(ExtensibilityGlobals) = postSolution
		SolutionGuid = {2051CBA7-BF5F-4914-8EAB-7D3E4845FAFC}
	EndGlobalSection
EndGlobal
